
Microsoft Visual Studio Solution File, Format Version 12.00
# Visual Studio Version 17
VisualStudioVersion = 17.7.34221.43
MinimumVisualStudioVersion = 10.0.40219.1
Project("{FAE04EC0-301F-11D3-BF4B-00C04F79EFBC}") = "ClassLibrary1", "ClassLibrary1\ClassLibrary1.csproj", "{419E96D0-BFFB-4651-AB9B-1DEAC9FE98CD}"
EndProject
Project("{FAE04EC0-301F-11D3-BF4B-00C04F79EFBC}") = "RegLogin", "RegLogin\RegLogin.csproj", "{E182C833-3DDF-492A-A1BA-EFEB63D0CA47}"
EndProject
Global
	GlobalSection(SolutionConfigurationPlatforms) = preSolution
		Debug|Any CPU = Debug|Any CPU
		Release|Any CPU = Release|Any CPU
	EndGlobalSection
	GlobalSection(ProjectConfigurationPlatforms) = postSolution
		{419E96D0-BFFB-4651-AB9B-1DEAC9FE98CD}.Debug|Any CPU.ActiveCfg = Debug|Any CPU
		{419E96D0-BFFB-4651-AB9B-1DEAC9FE98CD}.Debug|Any CPU.Build.0 = Debug|Any CPU
		{419E96D0-BFFB-4651-AB9B-1DEAC9FE98CD}.Release|Any CPU.ActiveCfg = Release|Any CPU
		{419E96D0-BFFB-4651-AB9B-1DEAC9FE98CD}.Release|Any CPU.Build.0 = Release|Any CPU
		{E182C833-3DDF-492A-A1BA-EFEB63D0CA47}.Debug|Any CPU.ActiveCfg = Debug|Any CPU
		{E182C833-3DDF-492A-A1BA-EFEB63D0CA47}.Debug|Any CPU.Build.0 = Debug|Any CPU
		{E182C833-3DDF-492A-A1BA-EFEB63D0CA47}.Release|Any CPU.ActiveCfg = Release|Any CPU
		{E182C833-3DDF-492A-A1BA-EFEB63D0CA47}.Release|Any CPU.Build.0 = Release|Any CPU
	EndGlobalSection
	GlobalSection(SolutionProperties) = preSolution
		HideSolutionNode = FALSE
	EndGlobalSection
	GlobalSection(ExtensibilityGlobals) = postSolution
		SolutionGuid = {7D3C7313-370E-4659-B92D-0B8A11D8A434}
	EndGlobalSection
EndGlobal
